
Microsoft Visual Studio Solution File, Format Version 12.00
# Visual Studio 2010
Project("{2150E333-8FDC-42A3-9474-1A3956D46DE8}") = "Solution Items", "Solution Items", "{2C4D51DA-94A5-4035-BB74-350CE83CD2DF}"
	ProjectSection(SolutionItems) = preProject
		Html2Article.nuspec = Html2Article.nuspec
		License.md = License.md
		README.md = README.md
	EndProjectSection
EndProject
Project("{FAE04EC0-301F-11D3-BF4B-00C04F79EFBC}") = "Html2Article", "src\Html2Article\Html2Article.csproj", "{0EDCFCDB-08FC-43AE-B6BB-BAF8D6EDF61E}"
EndProject
Project("{FAE04EC0-301F-11D3-BF4B-00C04F79EFBC}") = "Demo", "src\Demo\Demo.csproj", "{7F199520-F681-4BB7-B64F-79F68B1DFA43}"
EndProject
Project("{FAE04EC0-301F-11D3-BF4B-00C04F79EFBC}") = "Html2Article.Test", "src\Html2Article.Test\Html2Article.Test.csproj", "{AB667490-AB7D-46A7-A0AF-7BA1C49C1CCA}"
EndProject
Project("{2150E333-8FDC-42A3-9474-1A3956D46DE8}") = ".nuget", ".nuget", "{FCAEC003-ADBD-4A36-8770-6699086484F4}"
	ProjectSection(SolutionItems) = preProject
		.nuget\NuGet.Config = .nuget\NuGet.Config
		.nuget\NuGet.exe = .nuget\NuGet.exe
		.nuget\NuGet.targets = .nuget\NuGet.targets
	EndProjectSection
EndProject
Global
	GlobalSection(SolutionConfigurationPlatforms) = preSolution
		Debug|Any CPU = Debug|Any CPU
		Debug|Mixed Platforms = Debug|Mixed Platforms
		Debug|x86 = Debug|x86
		Release|Any CPU = Release|Any CPU
		Release|Mixed Platforms = Release|Mixed Platforms
		Release|x86 = Release|x86
	EndGlobalSection
	GlobalSection(ProjectConfigurationPlatforms) = postSolution
		{0EDCFCDB-08FC-43AE-B6BB-BAF8D6EDF61E}.Debug|Any CPU.ActiveCfg = Debug|Any CPU
		{0EDCFCDB-08FC-43AE-B6BB-BAF8D6EDF61E}.Debug|Any CPU.Build.0 = Debug|Any CPU
		{0EDCFCDB-08FC-43AE-B6BB-BAF8D6EDF61E}.Debug|Mixed Platforms.ActiveCfg = Debug|Any CPU
		{0EDCFCDB-08FC-43AE-B6BB-BAF8D6EDF61E}.Debug|Mixed Platforms.Build.0 = Debug|Any CPU
		{0EDCFCDB-08FC-43AE-B6BB-BAF8D6EDF61E}.Debug|x86.ActiveCfg = Debug|Any CPU
		{0EDCFCDB-08FC-43AE-B6BB-BAF8D6EDF61E}.Release|Any CPU.ActiveCfg = Release|Any CPU
		{0EDCFCDB-08FC-43AE-B6BB-BAF8D6EDF61E}.Release|Any CPU.Build.0 = Release|Any CPU
		{0EDCFCDB-08FC-43AE-B6BB-BAF8D6EDF61E}.Release|Mixed Platforms.ActiveCfg = Release|Any CPU
		{0EDCFCDB-08FC-43AE-B6BB-BAF8D6EDF61E}.Release|Mixed Platforms.Build.0 = Release|Any CPU
		{0EDCFCDB-08FC-43AE-B6BB-BAF8D6EDF61E}.Release|x86.ActiveCfg = Release|Any CPU
		{7F199520-F681-4BB7-B64F-79F68B1DFA43}.Debug|Any CPU.ActiveCfg = Debug|x86
		{7F199520-F681-4BB7-B64F-79F68B1DFA43}.Debug|Mixed Platforms.ActiveCfg = Debug|x86
		{7F199520-F681-4BB7-B64F-79F68B1DFA43}.Debug|Mixed Platforms.Build.0 = Debug|x86
		{7F199520-F681-4BB7-B64F-79F68B1DFA43}.Debug|x86.ActiveCfg = Debug|x86
		{7F199520-F681-4BB7-B64F-79F68B1DFA43}.Debug|x86.Build.0 = Debug|x86
		{7F199520-F681-4BB7-B64F-79F68B1DFA43}.Release|Any CPU.ActiveCfg = Release|x86
		{7F199520-F681-4BB7-B64F-79F68B1DFA43}.Release|Mixed Platforms.ActiveCfg = Release|x86
		{7F199520-F681-4BB7-B64F-79F68B1DFA43}.Release|Mixed Platforms.Build.0 = Release|x86
		{7F199520-F681-4BB7-B64F-79F68B1DFA43}.Release|x86.ActiveCfg = Release|x86
		{7F199520-F681-4BB7-B64F-79F68B1DFA43}.Release|x86.Build.0 = Release|x86
		{AB667490-AB7D-46A7-A0AF-7BA1C49C1CCA}.Debug|Any CPU.ActiveCfg = Debug|Any CPU
		{AB667490-AB7D-46A7-A0AF-7BA1C49C1CCA}.Debug|Any CPU.Build.0 = Debug|Any CPU
		{AB667490-AB7D-46A7-A0AF-7BA1C49C1CCA}.Debug|Mixed Platforms.ActiveCfg = Debug|Any CPU
		{AB667490-AB7D-46A7-A0AF-7BA1C49C1CCA}.Debug|Mixed Platforms.Build.0 = Debug|Any CPU
		{AB667490-AB7D-46A7-A0AF-7BA1C49C1CCA}.Debug|x86.ActiveCfg = Debug|Any CPU
		{AB667490-AB7D-46A7-A0AF-7BA1C49C1CCA}.Release|Any CPU.ActiveCfg = Release|Any CPU
		{AB667490-AB7D-46A7-A0AF-7BA1C49C1CCA}.Release|Any CPU.Build.0 = Release|Any CPU
		{AB667490-AB7D-46A7-A0AF-7BA1C49C1CCA}.Release|Mixed Platforms.ActiveCfg = Release|Any CPU
		{AB667490-AB7D-46A7-A0AF-7BA1C49C1CCA}.Release|Mixed Platforms.Build.0 = Release|Any CPU
		{AB667490-AB7D-46A7-A0AF-7BA1C49C1CCA}.Release|x86.ActiveCfg = Release|Any CPU
	EndGlobalSection
	GlobalSection(SolutionProperties) = preSolution
		HideSolutionNode = FALSE
	EndGlobalSection
EndGlobal
